
Microsoft Visual Studio Solution File, Format Version 12.00
# Visual Studio Version 17
VisualStudioVersion = 17.1.32319.34
MinimumVisualStudioVersion = 10.0.40219.1
Project("{FAE04EC0-301F-11D3-BF4B-00C04F79EFBC}") = "Serilog.Sink.Http", "Serilog.Sink.Http\Serilog.Sink.Http.csproj", "{A0B8097F-DE78-4E6F-8D75-093498178AD5}"
EndProject
Global
	GlobalSection(SolutionConfigurationPlatforms) = preSolution
		Debug|Any CPU = Debug|Any CPU
		Release|Any CPU = Release|Any CPU
	EndGlobalSection
	GlobalSection(ProjectConfigurationPlatforms) = postSolution
		{A0B8097F-DE78-4E6F-8D75-093498178AD5}.Debug|Any CPU.ActiveCfg = Debug|Any CPU
		{A0B8097F-DE78-4E6F-8D75-093498178AD5}.Debug|Any CPU.Build.0 = Debug|Any CPU
		{A0B8097F-DE78-4E6F-8D75-093498178AD5}.Release|Any CPU.ActiveCfg = Release|Any CPU
		{A0B8097F-DE78-4E6F-8D75-093498178AD5}.Release|Any CPU.Build.0 = Release|Any CPU
	EndGlobalSection
	GlobalSection(SolutionProperties) = preSolution
		HideSolutionNode = FALSE
	EndGlobalSection
	GlobalSection(ExtensibilityGlobals) = postSolution
		SolutionGuid = {CEE115A5-1285-4D88-95F3-2E9321BA3CA7}
	EndGlobalSection
EndGlobal
